
Microsoft Visual Studio Solution File, Format Version 12.00
# Visual Studio Version 16
VisualStudioVersion = 16.0.29920.165
MinimumVisualStudioVersion = 10.0.40219.1
Project("{8BC9CEB8-8B4A-11D0-8D11-00A0C91BC942}") = "Task_1", "Networks\Networks.vcxproj", "{5CB8CD33-304F-43D8-9553-BDEDAA35B47B}"
EndProject
Project("{8BC9CEB8-8B4A-11D0-8D11-00A0C91BC942}") = "Server", "Server\Server.vcxproj", "{CFB234D0-8662-46D3-B997-FE78F34F0524}"
EndProject
Project("{8BC9CEB8-8B4A-11D0-8D11-00A0C91BC942}") = "Client", "Client\Client.vcxproj", "{6C343530-5BEA-47DE-86E6-CFA929E06FF6}"
EndProject
Project("{2150E333-8FDC-42A3-9474-1A3956D46DE8}") = "Task_2", "Task_2", "{6E41D79D-49D6-4415-90A4-992967D007F7}"
EndProject
Project("{2150E333-8FDC-42A3-9474-1A3956D46DE8}") = "Task_4", "Task_4", "{61DA9B2B-C04D-4E78-8A54-E053E49BA092}"
EndProject
Project("{8BC9CEB8-8B4A-11D0-8D11-00A0C91BC942}") = "DnsTest", "DnsTest\DnsTest.vcxproj", "{AD8C2649-06CA-4ECA-8924-F6B0F861995B}"
EndProject
Project("{8BC9CEB8-8B4A-11D0-8D11-00A0C91BC942}") = "ServerDns", "ServerDns\ServerDns.vcxproj", "{105CCB61-87D4-48AB-B71A-4C4D88BC23D5}"
EndProject
Global
	GlobalSection(SolutionConfigurationPlatforms) = preSolution
		Debug|x64 = Debug|x64
		Debug|x86 = Debug|x86
		Release|x64 = Release|x64
		Release|x86 = Release|x86
	EndGlobalSection
	GlobalSection(ProjectConfigurationPlatforms) = postSolution
		{5CB8CD33-304F-43D8-9553-BDEDAA35B47B}.Debug|x64.ActiveCfg = Debug|x64
		{5CB8CD33-304F-43D8-9553-BDEDAA35B47B}.Debug|x64.Build.0 = Debug|x64
		{5CB8CD33-304F-43D8-9553-BDEDAA35B47B}.Debug|x86.ActiveCfg = Debug|Win32
		{5CB8CD33-304F-43D8-9553-BDEDAA35B47B}.Debug|x86.Build.0 = Debug|Win32
		{5CB8CD33-304F-43D8-9553-BDEDAA35B47B}.Release|x64.ActiveCfg = Release|x64
		{5CB8CD33-304F-43D8-9553-BDEDAA35B47B}.Release|x64.Build.0 = Release|x64
		{5CB8CD33-304F-43D8-9553-BDEDAA35B47B}.Release|x86.ActiveCfg = Release|Win32
		{5CB8CD33-304F-43D8-9553-BDEDAA35B47B}.Release|x86.Build.0 = Release|Win32
		{CFB234D0-8662-46D3-B997-FE78F34F0524}.Debug|x64.ActiveCfg = Debug|x64
		{CFB234D0-8662-46D3-B997-FE78F34F0524}.Debug|x64.Build.0 = Debug|x64
		{CFB234D0-8662-46D3-B997-FE78F34F0524}.Debug|x86.ActiveCfg = Debug|Win32
		{CFB234D0-8662-46D3-B997-FE78F34F0524}.Debug|x86.Build.0 = Debug|Win32
		{CFB234D0-8662-46D3-B997-FE78F34F0524}.Release|x64.ActiveCfg = Release|x64
		{CFB234D0-8662-46D3-B997-FE78F34F0524}.Release|x64.Build.0 = Release|x64
		{CFB234D0-8662-46D3-B997-FE78F34F0524}.Release|x86.ActiveCfg = Release|Win32
		{CFB234D0-8662-46D3-B997-FE78F34F0524}.Release|x86.Build.0 = Release|Win32
		{6C343530-5BEA-47DE-86E6-CFA929E06FF6}.Debug|x64.ActiveCfg = Debug|x64
		{6C343530-5BEA-47DE-86E6-CFA929E06FF6}.Debug|x64.Build.0 = Debug|x64
		{6C343530-5BEA-47DE-86E6-CFA929E06FF6}.Debug|x86.ActiveCfg = Debug|Win32
		{6C343530-5BEA-47DE-86E6-CFA929E06FF6}.Debug|x86.Build.0 = Debug|Win32
		{6C343530-5BEA-47DE-86E6-CFA929E06FF6}.Release|x64.ActiveCfg = Release|x64
		{6C343530-5BEA-47DE-86E6-CFA929E06FF6}.Release|x64.Build.0 = Release|x64
		{6C343530-5BEA-47DE-86E6-CFA929E06FF6}.Release|x86.ActiveCfg = Release|Win32
		{6C343530-5BEA-47DE-86E6-CFA929E06FF6}.Release|x86.Build.0 = Release|Win32
		{AD8C2649-06CA-4ECA-8924-F6B0F861995B}.Debug|x64.ActiveCfg = Debug|x64
		{AD8C2649-06CA-4ECA-8924-F6B0F861995B}.Debug|x64.Build.0 = Debug|x64
		{AD8C2649-06CA-4ECA-8924-F6B0F861995B}.Debug|x86.ActiveCfg = Debug|Win32
		{AD8C2649-06CA-4ECA-8924-F6B0F861995B}.Debug|x86.Build.0 = Debug|Win32
		{AD8C2649-06CA-4ECA-8924-F6B0F861995B}.Release|x64.ActiveCfg = Release|x64
		{AD8C2649-06CA-4ECA-8924-F6B0F861995B}.Release|x64.Build.0 = Release|x64
		{AD8C2649-06CA-4ECA-8924-F6B0F861995B}.Release|x86.ActiveCfg = Release|Win32
		{AD8C2649-06CA-4ECA-8924-F6B0F861995B}.Release|x86.Build.0 = Release|Win32
		{105CCB61-87D4-48AB-B71A-4C4D88BC23D5}.Debug|x64.ActiveCfg = Debug|x64
		{105CCB61-87D4-48AB-B71A-4C4D88BC23D5}.Debug|x64.Build.0 = Debug|x64
		{105CCB61-87D4-48AB-B71A-4C4D88BC23D5}.Debug|x86.ActiveCfg = Debug|Win32
		{105CCB61-87D4-48AB-B71A-4C4D88BC23D5}.Debug|x86.Build.0 = Debug|Win32
		{105CCB61-87D4-48AB-B71A-4C4D88BC23D5}.Release|x64.ActiveCfg = Release|x64
		{105CCB61-87D4-48AB-B71A-4C4D88BC23D5}.Release|x64.Build.0 = Release|x64
		{105CCB61-87D4-48AB-B71A-4C4D88BC23D5}.Release|x86.ActiveCfg = Release|Win32
		{105CCB61-87D4-48AB-B71A-4C4D88BC23D5}.Release|x86.Build.0 = Release|Win32
	EndGlobalSection
	GlobalSection(SolutionProperties) = preSolution
		HideSolutionNode = FALSE
	EndGlobalSection
	GlobalSection(NestedProjects) = preSolution
		{CFB234D0-8662-46D3-B997-FE78F34F0524} = {6E41D79D-49D6-4415-90A4-992967D007F7}
		{6C343530-5BEA-47DE-86E6-CFA929E06FF6} = {6E41D79D-49D6-4415-90A4-992967D007F7}
		{AD8C2649-06CA-4ECA-8924-F6B0F861995B} = {61DA9B2B-C04D-4E78-8A54-E053E49BA092}
		{105CCB61-87D4-48AB-B71A-4C4D88BC23D5} = {61DA9B2B-C04D-4E78-8A54-E053E49BA092}
	EndGlobalSection
	GlobalSection(ExtensibilityGlobals) = postSolution
		SolutionGuid = {F77532EE-3575-4890-9B1A-D6098B33CF68}
	EndGlobalSection
EndGlobal
